# This file is automatically @generated by Poetry 1.5.4 and should not be changed by hand.

[[package]]
name = "art"
version = "6.2"
description = "ASCII Art Library For Python"
optional = false
python-versions = ">=3.5"
files = [
    {file = "art-6.2-py3-none-any.whl", hash = "sha256:d632d1d3f5fabcaf8673abe934b51df0017bc914d106e89d45ae4ebef0e3149a"},
    {file = "art-6.2.tar.gz", hash = "sha256:506a0c4f261289a0e0d088de7beffcb1835078c4e44b0c5353bdaf47b490e76f"},
]

[package.extras]
dev = ["bandit (>=1.5.1)", "coverage (>=4.1)", "pydocstyle (>=3.0.0)", "vulture (>=1.0)"]

[[package]]
name = "future"
version = "1.0.0"
description = "Clean single-source support for Python 3 and 2"
optional = false
python-versions = ">=2.6, !=3.0.*, !=3.1.*, !=3.2.*"
files = [
    {file = "future-1.0.0-py3-none-any.whl", hash = "sha256:929292d34f5872e70396626ef385ec22355a1fae8ad29e1a734c3e43f9fbc216"},
    {file = "future-1.0.0.tar.gz", hash = "sha256:bd2968309307861edae1458a4f8a4f3598c03be43b97521076aebf5d94c07b05"},
]

[[package]]
name = "password-strength"
version = "0.0.3.post2"
description = "Password strength and validation"
optional = false
python-versions = "*"
files = [
    {file = "password_strength-0.0.3.post2-py2.py3-none-any.whl", hash = "sha256:6739357c2863d707b7c7f247ff7c6882a70904a18d12c9aaf98f8b95da176fb9"},
    {file = "password_strength-0.0.3.post2.tar.gz", hash = "sha256:bf4df10a58fcd3abfa182367307b4fd7b1cec518121dd83bf80c1c42ba796762"},
]

[package.dependencies]
six = "*"

[[package]]
name = "pick"
version = "2.3.2"
description = "Pick an option in the terminal with a simple GUI"
optional = false
python-versions = ">=3.7"
files = [
    {file = "pick-2.3.2-py3-none-any.whl", hash = "sha256:78006b6c6b16f80921fe3e66c9730b3fa75b2732d464a9fcd4cab5a4ac75a42d"},
    {file = "pick-2.3.2.tar.gz", hash = "sha256:91bfa8c17dada639cf793cc4270db39fef8dc2d0c9c8a6be2f3d4d0d9ee58456"},
]

[package.dependencies]
windows-curses = {version = ">=2.2.0,<3.0.0", markers = "sys_platform == \"win32\""}

[[package]]
name = "pwnedpasswords"
version = "2.0.0"
description = "A Python wrapper for Troy Hunt's Pwned Passwords API."
optional = false
python-versions = "*"
files = [
    {file = "pwnedpasswords-2.0.0-py2.py3-none-any.whl", hash = "sha256:8323cf3802d5021b1f212d5f441831057a80f33bf933eb0889020c7b698e96e6"},
]

[package.dependencies]
future = "*"

[[package]]
name = "six"
version = "1.16.0"
description = "Python 2 and 3 compatibility utilities"
optional = false
python-versions = ">=2.7, !=3.0.*, !=3.1.*, !=3.2.*"
files = [
    {file = "six-1.16.0-py2.py3-none-any.whl", hash = "sha256:8abb2f1d86890a2dfb989f9a77cfcfd3e47c2a354b01111771326f8aa26e0254"},
    {file = "six-1.16.0.tar.gz", hash = "sha256:1e61c37477a1626458e36f7b1d82aa5c9b094fa4802892072e49de9c60c4c926"},
]

[[package]]
name = "windows-curses"
version = "2.3.3"
description = "Support for the standard curses module on Windows"
optional = false
python-versions = "*"
files = [
    {file = "windows_curses-2.3.3-cp310-cp310-win32.whl", hash = "sha256:859011e77d7d9d9eaabb4fe081760cec966454bdea18a9f3a98e6d10e802fb61"},
    {file = "windows_curses-2.3.3-cp310-cp310-win_amd64.whl", hash = "sha256:cb0eaf41b90c0b7e33269a6cf34900d8b0d7f3fcf2c1f9dd8191bac11955b711"},
    {file = "windows_curses-2.3.3-cp311-cp311-win32.whl", hash = "sha256:3b3d01720724532794e81f0496d18c1284791b6e5b1fa7a59ec878d1c5134dde"},
    {file = "windows_curses-2.3.3-cp311-cp311-win_amd64.whl", hash = "sha256:a5d90950656fc0d85aa3d395ec7f454cc7136add512d40a9c5e8ff29a0ce4905"},
    {file = "windows_curses-2.3.3-cp312-cp312-win32.whl", hash = "sha256:e24b68a1c029d3ff521cf9325ba0f533b303e22ed148952a5a5e6396f29f536c"},
    {file = "windows_curses-2.3.3-cp312-cp312-win_amd64.whl", hash = "sha256:eaea51f169d9940a9bad1edda1759f63795daeb2174b2a45c895148058970689"},
    {file = "windows_curses-2.3.3-cp36-cp36m-win32.whl", hash = "sha256:0d7fb1d799ce3458c9e7215ffa2e8c5e347dabeef1227350b62db6030ebd4c24"},
    {file = "windows_curses-2.3.3-cp36-cp36m-win_amd64.whl", hash = "sha256:1db4246cc019d31614d29e0a26bb8792b0a1a9ba4fbb82ceaf85e5607c7a2857"},
    {file = "windows_curses-2.3.3-cp37-cp37m-win32.whl", hash = "sha256:cb654716c400b24c6410e09415ea682307cf874ee76b109d9c6587a42ac7ed62"},
    {file = "windows_curses-2.3.3-cp37-cp37m-win_amd64.whl", hash = "sha256:ba4a6a0d2d56ad834a1241fb5ce83186322cca87295ef4a768ede870ad33d597"},
    {file = "windows_curses-2.3.3-cp38-cp38-win32.whl", hash = "sha256:a3604136cc0284e2284c7172bb81ba6ff914f820c2eb156e5dde71dafd98fff9"},
    {file = "windows_curses-2.3.3-cp38-cp38-win_amd64.whl", hash = "sha256:15d148658e8967fd3826c907c4ad094d35a7a3605eb0e2d1bbad0b5c81b9df9f"},
    {file = "windows_curses-2.3.3-cp39-cp39-win32.whl", hash = "sha256:b61d1d949b508de4e73e8b4848e243c5d9de691c242b2c8d458a991e5e80ad18"},
    {file = "windows_curses-2.3.3-cp39-cp39-win_amd64.whl", hash = "sha256:23b71f3a44cc5a5b92e12d3a519e840e54f8252ff3ef867b630963d5fe7124dd"},
]

[metadata]
lock-version = "2.0"
python-versions = ">=3.10.0,<3.12"
content-hash = "8a774799171b3810a14cdeb8a486b6c27597d16ff86570ada0a3b48e6428cf48"
